<?xml version="1.0" encoding="utf-8"?>
<Project ToolsVersion="4.0" xmlns="http://schemas.microsoft.com/developer/msbuild/2003">
  <ItemGroup>
    <Filter Include="01.Actor">
      <UniqueIdentifier>{009b04dc-4e47-4a66-81bd-1c8e41f91d7c}</UniqueIdentifier>
    </Filter>
    <Filter Include="01.Actor\UIActor">
      <UniqueIdentifier>{b808d85e-4264-4cd8-91b5-50fa67f99a4b}</UniqueIdentifier>
    </Filter>
    <Filter Include="04.Core">
      <UniqueIdentifier>{cdbb95bd-6754-4da4-90aa-193be0f98549}</UniqueIdentifier>
    </Filter>
    <Filter Include="00.Base">
      <UniqueIdentifier>{4e2af69b-bb58-46ed-b2ee-1b9f08a3ac9e}</UniqueIdentifier>
    </Filter>
    <Filter Include="01.Actor\GridActor">
      <UniqueIdentifier>{c123d8a8-4494-4688-bc57-3e594eab8fc7}</UniqueIdentifier>
    </Filter>
    <Filter Include="01.Actor\UIActor\LogoLevel">
      <UniqueIdentifier>{12da1319-720b-4f27-b76d-a233340921bd}</UniqueIdentifier>
    </Filter>
    <Filter Include="01.Actor\UIActor\TitleLevel">
      <UniqueIdentifier>{53ee1c5e-fa39-48a2-9c71-2a2509eed659}</UniqueIdentifier>
    </Filter>
    <Filter Include="01.Actor\UIActor\WorldMapLevel">
      <UniqueIdentifier>{49987ed2-3cb4-4796-9326-0b3c52a50b11}</UniqueIdentifier>
    </Filter>
    <Filter Include="01.Actor\UIActor\Defalut">
      <UniqueIdentifier>{d37356ce-fe9d-44f7-8df3-c6941b10fd8b}</UniqueIdentifier>
    </Filter>
    <Filter Include="01.Actor\UIActor\PuzzleLevel">
      <UniqueIdentifier>{4300bea6-c886-450e-8858-9897d439b858}</UniqueIdentifier>
    </Filter>
    <Filter Include="03.Level">
      <UniqueIdentifier>{d7686fd6-ca73-40bf-a2c6-f61ea7339eb8}</UniqueIdentifier>
    </Filter>
    <Filter Include="02.Manager">
      <UniqueIdentifier>{c44f3d68-d4c1-4ee0-b329-818cd7781b72}</UniqueIdentifier>
    </Filter>
    <Filter Include="01.Actor\EffectActor">
      <UniqueIdentifier>{4f322c4a-c4e1-4b0c-9a91-3889bf2259d6}</UniqueIdentifier>
    </Filter>
  </ItemGroup>
  <ItemGroup>
    <ClInclude Include="ActorManager.h">
      <Filter>02.Manager</Filter>
    </ClInclude>
    <ClInclude Include="ContentCore.h">
      <Filter>04.Core</Filter>
    </ClInclude>
    <ClInclude Include="TitleLevel.h">
      <Filter>03.Level</Filter>
    </ClInclude>
    <ClInclude Include="WorldMapLevel.h">
      <Filter>03.Level</Filter>
    </ClInclude>
    <ClInclude Include="PuzzleLevel.h">
      <Filter>03.Level</Filter>
    </ClInclude>
    <ClInclude Include="EndingLevel.h">
      <Filter>03.Level</Filter>
    </ClInclude>
    <ClInclude Include="EffectActor.h">
      <Filter>01.Actor\EffectActor</Filter>
    </ClInclude>
    <ClInclude Include="LogoLevel.h">
      <Filter>03.Level</Filter>
    </ClInclude>
    <ClInclude Include="ContentMath.h">
      <Filter>00.Base</Filter>
    </ClInclude>
    <ClInclude Include="ContentConst.h">
      <Filter>00.Base</Filter>
    </ClInclude>
    <ClInclude Include="WiggleActor.h">
      <Filter>01.Actor</Filter>
    </ClInclude>
    <ClInclude Include="GridActor.h">
      <Filter>01.Actor\GridActor</Filter>
    </ClInclude>
    <ClInclude Include="LogoUI.h">
      <Filter>01.Actor\UIActor\LogoLevel</Filter>
    </ClInclude>
    <ClInclude Include="TitleLogoUI.h">
      <Filter>01.Actor\UIActor\TitleLevel</Filter>
    </ClInclude>
    <ClInclude Include="MapBackgroundUI.h">
      <Filter>01.Actor\UIActor\WorldMapLevel</Filter>
    </ClInclude>
    <ClInclude Include="GrayBackUI.h">
      <Filter>01.Actor\UIActor\Defalut</Filter>
    </ClInclude>
    <ClInclude Include="FadeUI.h">
      <Filter>01.Actor\UIActor\Defalut</Filter>
    </ClInclude>
    <ClInclude Include="BlackBackUI.h">
      <Filter>01.Actor\UIActor\Defalut</Filter>
    </ClInclude>
    <ClInclude Include="CongratulationsUI.h">
      <Filter>01.Actor\UIActor\PuzzleLevel</Filter>
    </ClInclude>
    <ClInclude Include="WiggleRender.h">
      <Filter>00.Base</Filter>
    </ClInclude>
    <ClInclude Include="ContentFunc.h">
      <Filter>00.Base</Filter>
    </ClInclude>
  </ItemGroup>
  <ItemGroup>
    <ClCompile Include="ActorManager.cpp">
      <Filter>02.Manager</Filter>
    </ClCompile>
    <ClCompile Include="ContentCore.cpp">
      <Filter>04.Core</Filter>
    </ClCompile>
    <ClCompile Include="TitleLevel.cpp">
      <Filter>03.Level</Filter>
    </ClCompile>
    <ClCompile Include="WorldMapLevel.cpp">
      <Filter>03.Level</Filter>
    </ClCompile>
    <ClCompile Include="PuzzleLevel.cpp">
      <Filter>03.Level</Filter>
    </ClCompile>
    <ClCompile Include="EndingLevel.cpp">
      <Filter>03.Level</Filter>
    </ClCompile>
    <ClCompile Include="EffectActor.cpp">
      <Filter>01.Actor\EffectActor</Filter>
    </ClCompile>
    <ClCompile Include="LogoLevel.cpp">
      <Filter>03.Level</Filter>
    </ClCompile>
    <ClCompile Include="ContentMath.cpp">
      <Filter>00.Base</Filter>
    </ClCompile>
    <ClCompile Include="ContentConst.cpp">
      <Filter>00.Base</Filter>
    </ClCompile>
    <ClCompile Include="WiggleActor.cpp">
      <Filter>01.Actor</Filter>
    </ClCompile>
    <ClCompile Include="GridActor.cpp">
      <Filter>01.Actor\GridActor</Filter>
    </ClCompile>
    <ClCompile Include="LogoUI.cpp">
      <Filter>01.Actor\UIActor\LogoLevel</Filter>
    </ClCompile>
    <ClCompile Include="TitleLogoUI.cpp">
      <Filter>01.Actor\UIActor\TitleLevel</Filter>
    </ClCompile>
    <ClCompile Include="MapBackgroundUI.cpp">
      <Filter>01.Actor\UIActor\WorldMapLevel</Filter>
    </ClCompile>
    <ClCompile Include="GrayBackUI.cpp">
      <Filter>01.Actor\UIActor\Defalut</Filter>
    </ClCompile>
    <ClCompile Include="FadeUI.cpp">
      <Filter>01.Actor\UIActor\Defalut</Filter>
    </ClCompile>
    <ClCompile Include="BlackBackUI.cpp">
      <Filter>01.Actor\UIActor\Defalut</Filter>
    </ClCompile>
    <ClCompile Include="CongratulationsUI.cpp">
      <Filter>01.Actor\UIActor\PuzzleLevel</Filter>
    </ClCompile>
    <ClCompile Include="WiggleRender.cpp">
      <Filter>00.Base</Filter>
    </ClCompile>
    <ClCompile Include="ContentFunc.cpp">
      <Filter>00.Base</Filter>
    </ClCompile>
  </ItemGroup>
</Project>