
Microsoft Visual Studio Solution File, Format Version 12.00
# Visual Studio Version 17
VisualStudioVersion = 17.4.33103.184
MinimumVisualStudioVersion = 10.0.40219.1
Project("{2150E333-8FDC-42A3-9474-1A3956D46DE8}") = "Level0", "Level0", "{77DF8422-9F8E-48DA-B9A8-3C1430ADA748}"
EndProject
Project("{2150E333-8FDC-42A3-9474-1A3956D46DE8}") = "Level1", "Level1", "{77BEB3D7-8328-4BF1-9F4C-F45E0C658A2D}"
EndProject
Project("{2150E333-8FDC-42A3-9474-1A3956D46DE8}") = "Level2", "Level2", "{FC608030-F9B5-438E-A698-06FA2CB3AA85}"
EndProject
Project("{8BC9CEB8-8B4A-11D0-8D11-00A0C91BC942}") = "GameEngineBase", "GameEngineBase\GameEngineBase.vcxproj", "{A6E9BFEE-96EC-4FC9-9219-12202F5126CC}"
EndProject
Project("{2150E333-8FDC-42A3-9474-1A3956D46DE8}") = "Level3", "Level3", "{4CEB3909-5BA7-4E18-B59B-4D20611B5528}"
EndProject
Project("{8BC9CEB8-8B4A-11D0-8D11-00A0C91BC942}") = "GameEnginePlatform", "GameEnginePlatform\GameEnginePlatform.vcxproj", "{012509BD-0610-46F2-BCEF-076C0828D24F}"
EndProject
Project("{8BC9CEB8-8B4A-11D0-8D11-00A0C91BC942}") = "GameEngineCore", "GameEngineCore\GameEngineCore.vcxproj", "{4235D360-1C2A-445E-978E-19835ADD99A7}"
EndProject
Project("{8BC9CEB8-8B4A-11D0-8D11-00A0C91BC942}") = "GameContent", "GameContent\GameContent.vcxproj", "{3F3A1462-1AA3-4BBF-99F4-A8534CD9B9F6}"
EndProject
Project("{2150E333-8FDC-42A3-9474-1A3956D46DE8}") = "Level4", "Level4", "{D6B36C8D-5D95-4B07-A5CD-F61872228951}"
EndProject
Project("{8BC9CEB8-8B4A-11D0-8D11-00A0C91BC942}") = "WinAPP", "WinAPP\WinAPP.vcxproj", "{77DEDFFF-D9E9-4D85-AD95-5B31C1ADB005}"
	ProjectSection(ProjectDependencies) = postProject
		{4235D360-1C2A-445E-978E-19835ADD99A7} = {4235D360-1C2A-445E-978E-19835ADD99A7}
		{3F3A1462-1AA3-4BBF-99F4-A8534CD9B9F6} = {3F3A1462-1AA3-4BBF-99F4-A8534CD9B9F6}
		{A6E9BFEE-96EC-4FC9-9219-12202F5126CC} = {A6E9BFEE-96EC-4FC9-9219-12202F5126CC}
		{012509BD-0610-46F2-BCEF-076C0828D24F} = {012509BD-0610-46F2-BCEF-076C0828D24F}
	EndProjectSection
EndProject
Project("{2150E333-8FDC-42A3-9474-1A3956D46DE8}") = "Doc", "Doc", "{3640C1CC-5DB6-424C-BE41-86B56E810E32}"
	ProjectSection(SolutionItems) = preProject
		Memo.txt = Memo.txt
	EndProjectSection
EndProject
Global
	GlobalSection(SolutionConfigurationPlatforms) = preSolution
		Debug|x64 = Debug|x64
		Debug|x86 = Debug|x86
		Release|x64 = Release|x64
		Release|x86 = Release|x86
	EndGlobalSection
	GlobalSection(ProjectConfigurationPlatforms) = postSolution
		{A6E9BFEE-96EC-4FC9-9219-12202F5126CC}.Debug|x64.ActiveCfg = Debug|x64
		{A6E9BFEE-96EC-4FC9-9219-12202F5126CC}.Debug|x64.Build.0 = Debug|x64
		{A6E9BFEE-96EC-4FC9-9219-12202F5126CC}.Debug|x86.ActiveCfg = Debug|Win32
		{A6E9BFEE-96EC-4FC9-9219-12202F5126CC}.Debug|x86.Build.0 = Debug|Win32
		{A6E9BFEE-96EC-4FC9-9219-12202F5126CC}.Release|x64.ActiveCfg = Release|x64
		{A6E9BFEE-96EC-4FC9-9219-12202F5126CC}.Release|x64.Build.0 = Release|x64
		{A6E9BFEE-96EC-4FC9-9219-12202F5126CC}.Release|x86.ActiveCfg = Release|Win32
		{A6E9BFEE-96EC-4FC9-9219-12202F5126CC}.Release|x86.Build.0 = Release|Win32
		{012509BD-0610-46F2-BCEF-076C0828D24F}.Debug|x64.ActiveCfg = Debug|x64
		{012509BD-0610-46F2-BCEF-076C0828D24F}.Debug|x64.Build.0 = Debug|x64
		{012509BD-0610-46F2-BCEF-076C0828D24F}.Debug|x86.ActiveCfg = Debug|Win32
		{012509BD-0610-46F2-BCEF-076C0828D24F}.Debug|x86.Build.0 = Debug|Win32
		{012509BD-0610-46F2-BCEF-076C0828D24F}.Release|x64.ActiveCfg = Release|x64
		{012509BD-0610-46F2-BCEF-076C0828D24F}.Release|x64.Build.0 = Release|x64
		{012509BD-0610-46F2-BCEF-076C0828D24F}.Release|x86.ActiveCfg = Release|Win32
		{012509BD-0610-46F2-BCEF-076C0828D24F}.Release|x86.Build.0 = Release|Win32
		{4235D360-1C2A-445E-978E-19835ADD99A7}.Debug|x64.ActiveCfg = Debug|x64
		{4235D360-1C2A-445E-978E-19835ADD99A7}.Debug|x64.Build.0 = Debug|x64
		{4235D360-1C2A-445E-978E-19835ADD99A7}.Debug|x86.ActiveCfg = Debug|Win32
		{4235D360-1C2A-445E-978E-19835ADD99A7}.Debug|x86.Build.0 = Debug|Win32
		{4235D360-1C2A-445E-978E-19835ADD99A7}.Release|x64.ActiveCfg = Release|x64
		{4235D360-1C2A-445E-978E-19835ADD99A7}.Release|x64.Build.0 = Release|x64
		{4235D360-1C2A-445E-978E-19835ADD99A7}.Release|x86.ActiveCfg = Release|Win32
		{4235D360-1C2A-445E-978E-19835ADD99A7}.Release|x86.Build.0 = Release|Win32
		{3F3A1462-1AA3-4BBF-99F4-A8534CD9B9F6}.Debug|x64.ActiveCfg = Debug|x64
		{3F3A1462-1AA3-4BBF-99F4-A8534CD9B9F6}.Debug|x64.Build.0 = Debug|x64
		{3F3A1462-1AA3-4BBF-99F4-A8534CD9B9F6}.Debug|x86.ActiveCfg = Debug|Win32
		{3F3A1462-1AA3-4BBF-99F4-A8534CD9B9F6}.Debug|x86.Build.0 = Debug|Win32
		{3F3A1462-1AA3-4BBF-99F4-A8534CD9B9F6}.Release|x64.ActiveCfg = Release|x64
		{3F3A1462-1AA3-4BBF-99F4-A8534CD9B9F6}.Release|x64.Build.0 = Release|x64
		{3F3A1462-1AA3-4BBF-99F4-A8534CD9B9F6}.Release|x86.ActiveCfg = Release|Win32
		{3F3A1462-1AA3-4BBF-99F4-A8534CD9B9F6}.Release|x86.Build.0 = Release|Win32
		{77DEDFFF-D9E9-4D85-AD95-5B31C1ADB005}.Debug|x64.ActiveCfg = Debug|x64
		{77DEDFFF-D9E9-4D85-AD95-5B31C1ADB005}.Debug|x64.Build.0 = Debug|x64
		{77DEDFFF-D9E9-4D85-AD95-5B31C1ADB005}.Debug|x86.ActiveCfg = Debug|Win32
		{77DEDFFF-D9E9-4D85-AD95-5B31C1ADB005}.Debug|x86.Build.0 = Debug|Win32
		{77DEDFFF-D9E9-4D85-AD95-5B31C1ADB005}.Release|x64.ActiveCfg = Release|x64
		{77DEDFFF-D9E9-4D85-AD95-5B31C1ADB005}.Release|x64.Build.0 = Release|x64
		{77DEDFFF-D9E9-4D85-AD95-5B31C1ADB005}.Release|x86.ActiveCfg = Release|Win32
		{77DEDFFF-D9E9-4D85-AD95-5B31C1ADB005}.Release|x86.Build.0 = Release|Win32
	EndGlobalSection
	GlobalSection(SolutionProperties) = preSolution
		HideSolutionNode = FALSE
	EndGlobalSection
	GlobalSection(NestedProjects) = preSolution
		{A6E9BFEE-96EC-4FC9-9219-12202F5126CC} = {77DF8422-9F8E-48DA-B9A8-3C1430ADA748}
		{012509BD-0610-46F2-BCEF-076C0828D24F} = {77BEB3D7-8328-4BF1-9F4C-F45E0C658A2D}
		{4235D360-1C2A-445E-978E-19835ADD99A7} = {FC608030-F9B5-438E-A698-06FA2CB3AA85}
		{3F3A1462-1AA3-4BBF-99F4-A8534CD9B9F6} = {4CEB3909-5BA7-4E18-B59B-4D20611B5528}
		{77DEDFFF-D9E9-4D85-AD95-5B31C1ADB005} = {D6B36C8D-5D95-4B07-A5CD-F61872228951}
	EndGlobalSection
	GlobalSection(ExtensibilityGlobals) = postSolution
		SolutionGuid = {332D2F72-095B-4EE3-87D5-52761B9E7731}
	EndGlobalSection
EndGlobal
